// !$*UTF8*$!
{
	archiveVersion = 1;
	classes = {
	};
	objectVersion = 51;
	objects = {

/* Begin PBXBuildFile section */
		10133A4A23035BDF003FF742 /* AppDelegate.swift in Sources */ = {isa = PBXBuildFile; fileRef = 10133A4923035BDF003FF742 /* AppDelegate.swift */; };
		10133A4C23035BDF003FF742 /* ListViewController.swift in Sources */ = {isa = PBXBuildFile; fileRef = 10133A4B23035BDF003FF742 /* ListViewController.swift */; };
		10133A4F23035BDF003FF742 /* Main.storyboard in Resources */ = {isa = PBXBuildFile; fileRef = 10133A4D23035BDF003FF742 /* Main.storyboard */; };
		10133A5123035BE3003FF742 /* Assets.xcassets in Resources */ = {isa = PBXBuildFile; fileRef = 10133A5023035BE3003FF742 /* Assets.xcassets */; };
		10133A5423035BE3003FF742 /* LaunchScreen.storyboard in Resources */ = {isa = PBXBuildFile; fileRef = 10133A5223035BE3003FF742 /* LaunchScreen.storyboard */; };
		101B0B99230CDE5F0074D0A6 /* Item.swift in Sources */ = {isa = PBXBuildFile; fileRef = 101B0B98230CDE5F0074D0A6 /* Item.swift */; };
		101B0B9B230CDE670074D0A6 /* Category.swift in Sources */ = {isa = PBXBuildFile; fileRef = 101B0B9A230CDE670074D0A6 /* Category.swift */; };
		1076A1BF230B1F2C00909ACA /* CategoryViewController.swift in Sources */ = {isa = PBXBuildFile; fileRef = 1076A1BE230B1F2C00909ACA /* CategoryViewController.swift */; };
		933DF1FDB8DD6DE4BF432C4E /* Pods_Check_It.framework in Frameworks */ = {isa = PBXBuildFile; fileRef = 2FC68AA422849531B2AA6815 /* Pods_Check_It.framework */; };
/* End PBXBuildFile section */

/* Begin PBXFileReference section */
		10133A4623035BDF003FF742 /* Check It.app */ = {isa = PBXFileReference; explicitFileType = wrapper.application; includeInIndex = 0; path = "Check It.app"; sourceTree = BUILT_PRODUCTS_DIR; };
		10133A4923035BDF003FF742 /* AppDelegate.swift */ = {isa = PBXFileReference; lastKnownFileType = sourcecode.swift; path = AppDelegate.swift; sourceTree = "<group>"; };
		10133A4B23035BDF003FF742 /* ListViewController.swift */ = {isa = PBXFileReference; lastKnownFileType = sourcecode.swift; path = ListViewController.swift; sourceTree = "<group>"; };
		10133A4E23035BDF003FF742 /* Base */ = {isa = PBXFileReference; lastKnownFileType = file.storyboard; name = Base; path = Base.lproj/Main.storyboard; sourceTree = "<group>"; };
		10133A5023035BE3003FF742 /* Assets.xcassets */ = {isa = PBXFileReference; lastKnownFileType = folder.assetcatalog; path = Assets.xcassets; sourceTree = "<group>"; };
		10133A5323035BE3003FF742 /* Base */ = {isa = PBXFileReference; lastKnownFileType = file.storyboard; name = Base; path = Base.lproj/LaunchScreen.storyboard; sourceTree = "<group>"; };
		10133A5523035BE3003FF742 /* Info.plist */ = {isa = PBXFileReference; lastKnownFileType = text.plist.xml; path = Info.plist; sourceTree = "<group>"; };
		101B0B98230CDE5F0074D0A6 /* Item.swift */ = {isa = PBXFileReference; lastKnownFileType = sourcecode.swift; path = Item.swift; sourceTree = "<group>"; };
		101B0B9A230CDE670074D0A6 /* Category.swift */ = {isa = PBXFileReference; lastKnownFileType = sourcecode.swift; path = Category.swift; sourceTree = "<group>"; };
		1076A1BE230B1F2C00909ACA /* CategoryViewController.swift */ = {isa = PBXFileReference; lastKnownFileType = sourcecode.swift; path = CategoryViewController.swift; sourceTree = "<group>"; };
		2FC68AA422849531B2AA6815 /* Pods_Check_It.framework */ = {isa = PBXFileReference; explicitFileType = wrapper.framework; includeInIndex = 0; path = Pods_Check_It.framework; sourceTree = BUILT_PRODUCTS_DIR; };
		E028D4A66B16E22691DB38E3 /* Pods-Check It.debug.xcconfig */ = {isa = PBXFileReference; includeInIndex = 1; lastKnownFileType = text.xcconfig; name = "Pods-Check It.debug.xcconfig"; path = "Target Support Files/Pods-Check It/Pods-Check It.debug.xcconfig"; sourceTree = "<group>"; };
		FD245055500B6EF65830717E /* Pods-Check It.release.xcconfig */ = {isa = PBXFileReference; includeInIndex = 1; lastKnownFileType = text.xcconfig; name = "Pods-Check It.release.xcconfig"; path = "Target Support Files/Pods-Check It/Pods-Check It.release.xcconfig"; sourceTree = "<group>"; };
/* End PBXFileReference section */

/* Begin PBXFrameworksBuildPhase section */
		10133A4323035BDF003FF742 /* Frameworks */ = {
			isa = PBXFrameworksBuildPhase;
			buildActionMask = 2147483647;
			files = (
				933DF1FDB8DD6DE4BF432C4E /* Pods_Check_It.framework in Frameworks */,
			);
			runOnlyForDeploymentPostprocessing = 0;
		};
/* End PBXFrameworksBuildPhase section */

/* Begin PBXGroup section */
		100C79A52304AB6100A7D6BA /* DataModel */ = {
			isa = PBXGroup;
			children = (
				101B0B98230CDE5F0074D0A6 /* Item.swift */,
				101B0B9A230CDE670074D0A6 /* Category.swift */,
			);
			path = DataModel;
			sourceTree = "<group>";
		};
		100C79A62304AB8700A7D6BA /* Controllers */ = {
			isa = PBXGroup;
			children = (
				10133A4B23035BDF003FF742 /* ListViewController.swift */,
				1076A1BE230B1F2C00909ACA /* CategoryViewController.swift */,
			);
			path = Controllers;
			sourceTree = "<group>";
		};
		100C79A72304AB9A00A7D6BA /* Views */ = {
			isa = PBXGroup;
			children = (
				10133A4D23035BDF003FF742 /* Main.storyboard */,
			);
			path = Views;
			sourceTree = "<group>";
		};
		100C79A82304ABB100A7D6BA /* SupportingFiles */ = {
			isa = PBXGroup;
			children = (
				10133A5023035BE3003FF742 /* Assets.xcassets */,
				10133A5223035BE3003FF742 /* LaunchScreen.storyboard */,
			);
			path = SupportingFiles;
			sourceTree = "<group>";
		};
		10133A3D23035BDF003FF742 = {
			isa = PBXGroup;
			children = (
				10133A4823035BDF003FF742 /* Check It */,
				10133A4723035BDF003FF742 /* Products */,
				50D4F67603D21BCAE35254D3 /* Pods */,
				BB9BC34CAAB44DD082DAC0EC /* Frameworks */,
			);
			sourceTree = "<group>";
		};
		10133A4723035BDF003FF742 /* Products */ = {
			isa = PBXGroup;
			children = (
				10133A4623035BDF003FF742 /* Check It.app */,
			);
			name = Products;
			sourceTree = "<group>";
		};
		10133A4823035BDF003FF742 /* Check It */ = {
			isa = PBXGroup;
			children = (
				10133A4923035BDF003FF742 /* AppDelegate.swift */,
				100C79A62304AB8700A7D6BA /* Controllers */,
				100C79A72304AB9A00A7D6BA /* Views */,
				100C79A82304ABB100A7D6BA /* SupportingFiles */,
				10133A5523035BE3003FF742 /* Info.plist */,
				100C79A52304AB6100A7D6BA /* DataModel */,
			);
			path = "Check It";
			sourceTree = "<group>";
		};
		50D4F67603D21BCAE35254D3 /* Pods */ = {
			isa = PBXGroup;
			children = (
				E028D4A66B16E22691DB38E3 /* Pods-Check It.debug.xcconfig */,
				FD245055500B6EF65830717E /* Pods-Check It.release.xcconfig */,
			);
			path = Pods;
			sourceTree = "<group>";
		};
		BB9BC34CAAB44DD082DAC0EC /* Frameworks */ = {
			isa = PBXGroup;
			children = (
				2FC68AA422849531B2AA6815 /* Pods_Check_It.framework */,
			);
			name = Frameworks;
			sourceTree = "<group>";
		};
/* End PBXGroup section */

/* Begin PBXNativeTarget section */
		10133A4523035BDF003FF742 /* Check It */ = {
			isa = PBXNativeTarget;
			buildConfigurationList = 10133A5823035BE3003FF742 /* Build configuration list for PBXNativeTarget "Check It" */;
			buildPhases = (
				16FB73EC06C0CE4F14409421 /* [CP] Check Pods Manifest.lock */,
				10133A4223035BDF003FF742 /* Sources */,
				10133A4323035BDF003FF742 /* Frameworks */,
				10133A4423035BDF003FF742 /* Resources */,
				84E05C81A1707C318DC65534 /* [CP] Embed Pods Frameworks */,
			);
			buildRules = (
			);
			dependencies = (
			);
			name = "Check It";
			productName = "Check It";
			productReference = 10133A4623035BDF003FF742 /* Check It.app */;
			productType = "com.apple.product-type.application";
		};
/* End PBXNativeTarget section */

/* Begin PBXProject section */
		10133A3E23035BDF003FF742 /* Project object */ = {
			isa = PBXProject;
			attributes = {
				LastSwiftUpdateCheck = 1020;
				LastUpgradeCheck = 1020;
				ORGANIZATIONNAME = "Andrew Aguilar";
				TargetAttributes = {
					10133A4523035BDF003FF742 = {
						CreatedOnToolsVersion = 10.2.1;
					};
				};
			};
			buildConfigurationList = 10133A4123035BDF003FF742 /* Build configuration list for PBXProject "Check It" */;
			compatibilityVersion = "Xcode 9.3";
			developmentRegion = en;
			hasScannedForEncodings = 0;
			knownRegions = (
				en,
				Base,
			);
			mainGroup = 10133A3D23035BDF003FF742;
			productRefGroup = 10133A4723035BDF003FF742 /* Products */;
			projectDirPath = "";
			projectRoot = "";
			targets = (
				10133A4523035BDF003FF742 /* Check It */,
			);
		};
/* End PBXProject section */

/* Begin PBXResourcesBuildPhase section */
		10133A4423035BDF003FF742 /* Resources */ = {
			isa = PBXResourcesBuildPhase;
			buildActionMask = 2147483647;
			files = (
				10133A5423035BE3003FF742 /* LaunchScreen.storyboard in Resources */,
				10133A5123035BE3003FF742 /* Assets.xcassets in Resources */,
				10133A4F23035BDF003FF742 /* Main.storyboard in Resources */,
			);
			runOnlyForDeploymentPostprocessing = 0;
		};
/* End PBXResourcesBuildPhase section */

/* Begin PBXShellScriptBuildPhase section */
		16FB73EC06C0CE4F14409421 /* [CP] Check Pods Manifest.lock */ = {
			isa = PBXShellScriptBuildPhase;
			buildActionMask = 2147483647;
			files = (
			);
			inputFileListPaths = (
			);
			inputPaths = (
				"${PODS_PODFILE_DIR_PATH}/Podfile.lock",
				"${PODS_ROOT}/Manifest.lock",
			);
			name = "[CP] Check Pods Manifest.lock";
			outputFileListPaths = (
			);
			outputPaths = (
				"$(DERIVED_FILE_DIR)/Pods-Check It-checkManifestLockResult.txt",
			);
			runOnlyForDeploymentPostprocessing = 0;
			shellPath = /bin/sh;
			shellScript = "diff \"${PODS_PODFILE_DIR_PATH}/Podfile.lock\" \"${PODS_ROOT}/Manifest.lock\" > /dev/null\nif [ $? != 0 ] ; then\n    # print error to STDERR\n    echo \"error: The sandbox is not in sync with the Podfile.lock. Run 'pod install' or update your CocoaPods installation.\" >&2\n    exit 1\nfi\n# This output is used by Xcode 'outputs' to avoid re-running this script phase.\necho \"SUCCESS\" > \"${SCRIPT_OUTPUT_FILE_0}\"\n";
			showEnvVarsInLog = 0;
		};
		84E05C81A1707C318DC65534 /* [CP] Embed Pods Frameworks */ = {
			isa = PBXShellScriptBuildPhase;
			buildActionMask = 2147483647;
			files = (
			);
			inputFileListPaths = (
				"${PODS_ROOT}/Target Support Files/Pods-Check It/Pods-Check It-frameworks-${CONFIGURATION}-input-files.xcfilelist",
			);
			name = "[CP] Embed Pods Frameworks";
			outputFileListPaths = (
				"${PODS_ROOT}/Target Support Files/Pods-Check It/Pods-Check It-frameworks-${CONFIGURATION}-output-files.xcfilelist",
			);
			runOnlyForDeploymentPostprocessing = 0;
			shellPath = /bin/sh;
			shellScript = "\"${PODS_ROOT}/Target Support Files/Pods-Check It/Pods-Check It-frameworks.sh\"\n";
			showEnvVarsInLog = 0;
		};
/* End PBXShellScriptBuildPhase section */

/* Begin PBXSourcesBuildPhase section */
		10133A4223035BDF003FF742 /* Sources */ = {
			isa = PBXSourcesBuildPhase;
			buildActionMask = 2147483647;
			files = (
				101B0B99230CDE5F0074D0A6 /* Item.swift in Sources */,
				1076A1BF230B1F2C00909ACA /* CategoryViewController.swift in Sources */,
				10133A4C23035BDF003FF742 /* ListViewController.swift in Sources */,
				10133A4A23035BDF003FF742 /* AppDelegate.swift in Sources */,
				101B0B9B230CDE670074D0A6 /* Category.swift in Sources */,
			);
			runOnlyForDeploymentPostprocessing = 0;
		};
/* End PBXSourcesBuildPhase section */

/* Begin PBXVariantGroup section */
		10133A4D23035BDF003FF742 /* Main.storyboard */ = {
			isa = PBXVariantGroup;
			children = (
				10133A4E23035BDF003FF742 /* Base */,
			);
			name = Main.storyboard;
			sourceTree = "<group>";
		};
		10133A5223035BE3003FF742 /* LaunchScreen.storyboard */ = {
			isa = PBXVariantGroup;
			children = (
				10133A5323035BE3003FF742 /* Base */,
			);
			name = LaunchScreen.storyboard;
			sourceTree = "<group>";
		};
/* End PBXVariantGroup section */

/* Begin XCBuildConfiguration section */
		10133A5623035BE3003FF742 /* Debug */ = {
			isa = XCBuildConfiguration;
			buildSettings = {
				ALWAYS_SEARCH_USER_PATHS = NO;
				CLANG_ANALYZER_NONNULL = YES;
				CLANG_ANALYZER_NUMBER_OBJECT_CONVERSION = YES_AGGRESSIVE;
				CLANG_CXX_LANGUAGE_STANDARD = "gnu++14";
				CLANG_CXX_LIBRARY = "libc++";
				CLANG_ENABLE_MODULES = YES;
				CLANG_ENABLE_OBJC_ARC = YES;
				CLANG_ENABLE_OBJC_WEAK = YES;
				CLANG_WARN_BLOCK_CAPTURE_AUTORELEASING = YES;
				CLANG_WARN_BOOL_CONVERSION = YES;
				CLANG_WARN_COMMA = YES;
				CLANG_WARN_CONSTANT_CONVERSION = YES;
				CLANG_WARN_DEPRECATED_OBJC_IMPLEMENTATIONS = YES;
				CLANG_WARN_DIRECT_OBJC_ISA_USAGE = YES_ERROR;
				CLANG_WARN_DOCUMENTATION_COMMENTS = YES;
				CLANG_WARN_EMPTY_BODY = YES;
				CLANG_WARN_ENUM_CONVERSION = YES;
				CLANG_WARN_INFINITE_RECURSION = YES;
				CLANG_WARN_INT_CONVERSION = YES;
				CLANG_WARN_NON_LITERAL_NULL_CONVERSION = YES;
				CLANG_WARN_OBJC_IMPLICIT_RETAIN_SELF = YES;
				CLANG_WARN_OBJC_LITERAL_CONVERSION = YES;
				CLANG_WARN_OBJC_ROOT_CLASS = YES_ERROR;
				CLANG_WARN_RANGE_LOOP_ANALYSIS = YES;
				CLANG_WARN_STRICT_PROTOTYPES = YES;
				CLANG_WARN_SUSPICIOUS_MOVE = YES;
				CLANG_WARN_UNGUARDED_AVAILABILITY = YES_AGGRESSIVE;
				CLANG_WARN_UNREACHABLE_CODE = YES;
				CLANG_WARN__DUPLICATE_METHOD_MATCH = YES;
				CODE_SIGN_IDENTITY = "iPhone Developer";
				COPY_PHASE_STRIP = NO;
				DEBUG_INFORMATION_FORMAT = dwarf;
				ENABLE_STRICT_OBJC_MSGSEND = YES;
				ENABLE_TESTABILITY = YES;
				GCC_C_LANGUAGE_STANDARD = gnu11;
				GCC_DYNAMIC_NO_PIC = NO;
				GCC_NO_COMMON_BLOCKS = YES;
				GCC_OPTIMIZATION_LEVEL = 0;
				GCC_PREPROCESSOR_DEFINITIONS = (
					"DEBUG=1",
					"$(inherited)",
				);
				GCC_WARN_64_TO_32_BIT_CONVERSION = YES;
				GCC_WARN_ABOUT_RETURN_TYPE = YES_ERROR;
				GCC_WARN_UNDECLARED_SELECTOR = YES;
				GCC_WARN_UNINITIALIZED_AUTOS = YES_AGGRESSIVE;
				GCC_WARN_UNUSED_FUNCTION = YES;
				GCC_WARN_UNUSED_VARIABLE = YES;
				IPHONEOS_DEPLOYMENT_TARGET = 12.2;
				MTL_ENABLE_DEBUG_INFO = INCLUDE_SOURCE;
				MTL_FAST_MATH = YES;
				ONLY_ACTIVE_ARCH = YES;
				SDKROOT = iphoneos;
				SWIFT_ACTIVE_COMPILATION_CONDITIONS = DEBUG;
				SWIFT_OPTIMIZATION_LEVEL = "-Onone";
			};
			name = Debug;
		};
		10133A5723035BE3003FF742 /* Release */ = {
			isa = XCBuildConfiguration;
			buildSettings = {
				ALWAYS_SEARCH_USER_PATHS = NO;
				CLANG_ANALYZER_NONNULL = YES;
				CLANG_ANALYZER_NUMBER_OBJECT_CONVERSION = YES_AGGRESSIVE;
				CLANG_CXX_LANGUAGE_STANDARD = "gnu++14";
				CLANG_CXX_LIBRARY = "libc++";
				CLANG_ENABLE_MODULES = YES;
				CLANG_ENABLE_OBJC_ARC = YES;
				CLANG_ENABLE_OBJC_WEAK = YES;
				CLANG_WARN_BLOCK_CAPTURE_AUTORELEASING = YES;
				CLANG_WARN_BOOL_CONVERSION = YES;
				CLANG_WARN_COMMA = YES;
				CLANG_WARN_CONSTANT_CONVERSION = YES;
				CLANG_WARN_DEPRECATED_OBJC_IMPLEMENTATIONS = YES;
				CLANG_WARN_DIRECT_OBJC_ISA_USAGE = YES_ERROR;
				CLANG_WARN_DOCUMENTATION_COMMENTS = YES;
				CLANG_WARN_EMPTY_BODY = YES;
				CLANG_WARN_ENUM_CONVERSION = YES;
				CLANG_WARN_INFINITE_RECURSION = YES;
				CLANG_WARN_INT_CONVERSION = YES;
				CLANG_WARN_NON_LITERAL_NULL_CONVERSION = YES;
				CLANG_WARN_OBJC_IMPLICIT_RETAIN_SELF = YES;
				CLANG_WARN_OBJC_LITERAL_CONVERSION = YES;
				CLANG_WARN_OBJC_ROOT_CLASS = YES_ERROR;
				CLANG_WARN_RANGE_LOOP_ANALYSIS = YES;
				CLANG_WARN_STRICT_PROTOTYPES = YES;
				CLANG_WARN_SUSPICIOUS_MOVE = YES;
				CLANG_WARN_UNGUARDED_AVAILABILITY = YES_AGGRESSIVE;
				CLANG_WARN_UNREACHABLE_CODE = YES;
				CLANG_WARN__DUPLICATE_METHOD_MATCH = YES;
				CODE_SIGN_IDENTITY = "iPhone Developer";
				COPY_PHASE_STRIP = NO;
				DEBUG_INFORMATION_FORMAT = "dwarf-with-dsym";
				ENABLE_NS_ASSERTIONS = NO;
				ENABLE_STRICT_OBJC_MSGSEND = YES;
				GCC_C_LANGUAGE_STANDARD = gnu11;
				GCC_NO_COMMON_BLOCKS = YES;
				GCC_WARN_64_TO_32_BIT_CONVERSION = YES;
				GCC_WARN_ABOUT_RETURN_TYPE = YES_ERROR;
				GCC_WARN_UNDECLARED_SELECTOR = YES;
				GCC_WARN_UNINITIALIZED_AUTOS = YES_AGGRESSIVE;
				GCC_WARN_UNUSED_FUNCTION = YES;
				GCC_WARN_UNUSED_VARIABLE = YES;
				IPHONEOS_DEPLOYMENT_TARGET = 12.2;
				MTL_ENABLE_DEBUG_INFO = NO;
				MTL_FAST_MATH = YES;
				SDKROOT = iphoneos;
				SWIFT_COMPILATION_MODE = wholemodule;
				SWIFT_OPTIMIZATION_LEVEL = "-O";
				VALIDATE_PRODUCT = YES;
			};
			name = Release;
		};
		10133A5923035BE3003FF742 /* Debug */ = {
			isa = XCBuildConfiguration;
			baseConfigurationReference = E028D4A66B16E22691DB38E3 /* Pods-Check It.debug.xcconfig */;
			buildSettings = {
				ASSETCATALOG_COMPILER_APPICON_NAME = AppIcon;
				CODE_SIGN_STYLE = Automatic;
				DEVELOPMENT_TEAM = V2MG73VY87;
				INFOPLIST_FILE = "Check It/Info.plist";
				LD_RUNPATH_SEARCH_PATHS = (
					"$(inherited)",
					"@executable_path/Frameworks",
				);
				PRODUCT_BUNDLE_IDENTIFIER = "com.andrewaguilar.checkit.Check-It";
				PRODUCT_NAME = "$(TARGET_NAME)";
				SWIFT_VERSION = 5.0;
				TARGETED_DEVICE_FAMILY = "1,2";
			};
			name = Debug;
		};
		10133A5A23035BE3003FF742 /* Release */ = {
			isa = XCBuildConfiguration;
			baseConfigurationReference = FD245055500B6EF65830717E /* Pods-Check It.release.xcconfig */;
			buildSettings = {
				ASSETCATALOG_COMPILER_APPICON_NAME = AppIcon;
				CODE_SIGN_STYLE = Automatic;
				DEVELOPMENT_TEAM = V2MG73VY87;
				INFOPLIST_FILE = "Check It/Info.plist";
				LD_RUNPATH_SEARCH_PATHS = (
					"$(inherited)",
					"@executable_path/Frameworks",
				);
				PRODUCT_BUNDLE_IDENTIFIER = "com.andrewaguilar.checkit.Check-It";
				PRODUCT_NAME = "$(TARGET_NAME)";
				SWIFT_VERSION = 5.0;
				TARGETED_DEVICE_FAMILY = "1,2";
			};
			name = Release;
		};
/* End XCBuildConfiguration section */

/* Begin XCConfigurationList section */
		10133A4123035BDF003FF742 /* Build configuration list for PBXProject "Check It" */ = {
			isa = XCConfigurationList;
			buildConfigurations = (
				10133A5623035BE3003FF742 /* Debug */,
				10133A5723035BE3003FF742 /* Release */,
			);
			defaultConfigurationIsVisible = 0;
			defaultConfigurationName = Release;
		};
		10133A5823035BE3003FF742 /* Build configuration list for PBXNativeTarget "Check It" */ = {
			isa = XCConfigurationList;
			buildConfigurations = (
				10133A5923035BE3003FF742 /* Debug */,
				10133A5A23035BE3003FF742 /* Release */,
			);
			defaultConfigurationIsVisible = 0;
			defaultConfigurationName = Release;
		};
/* End XCConfigurationList section */
	};
	rootObject = 10133A3E23035BDF003FF742 /* Project object */;
}
